
Microsoft Visual Studio Solution File, Format Version 12.00
# Visual Studio Version 17
VisualStudioVersion = 17.14.36930.0 d17.14
MinimumVisualStudioVersion = 10.0.40219.1
Project("{FAE04EC0-301F-11D3-BF4B-00C04F79EFBC}") = "CosmeticServer.API", "CosmeticServer.API\CosmeticServer.API.csproj", "{8D7B3AC7-7350-430F-85FF-702572893E7B}"
EndProject
Global
	GlobalSection(SolutionConfigurationPlatforms) = preSolution
		Debug|Any CPU = Debug|Any CPU
		Release|Any CPU = Release|Any CPU
	EndGlobalSection
	GlobalSection(ProjectConfigurationPlatforms) = postSolution
		{8D7B3AC7-7350-430F-85FF-702572893E7B}.Debug|Any CPU.ActiveCfg = Debug|Any CPU
		{8D7B3AC7-7350-430F-85FF-702572893E7B}.Debug|Any CPU.Build.0 = Debug|Any CPU
		{8D7B3AC7-7350-430F-85FF-702572893E7B}.Release|Any CPU.ActiveCfg = Release|Any CPU
		{8D7B3AC7-7350-430F-85FF-702572893E7B}.Release|Any CPU.Build.0 = Release|Any CPU
	EndGlobalSection
	GlobalSection(SolutionProperties) = preSolution
		HideSolutionNode = FALSE
	EndGlobalSection
	GlobalSection(ExtensibilityGlobals) = postSolution
		SolutionGuid = {BCE21BB7-100D-462B-B2DA-A69D2B7CD4FA}
	EndGlobalSection
EndGlobal
